
Microsoft Visual Studio Solution File, Format Version 12.00
# Visual Studio Version 16
VisualStudioVersion = 16.0.31112.23
MinimumVisualStudioVersion = 10.0.40219.1
Project("{2150E333-8FDC-42A3-9474-1A3956D46DE8}") = "Services", "Services", "{C76326F5-3193-429F-8616-6DADB06A2C4D}"
EndProject
Project("{2150E333-8FDC-42A3-9474-1A3956D46DE8}") = "Catalogue", "Catalogue", "{F8A75EB2-B2D1-4EB6-88C9-989FE1148A37}"
EndProject
Project("{9A19103F-16F7-4668-BE54-9A1E7A4F7556}") = "Catalogue.API", "Services\Catalogue\Catalogue.API\Catalogue.API.csproj", "{5B191A42-C78B-44C7-B5E0-963FD583587E}"
EndProject
Project("{E53339B2-1760-4266-BCC7-CA923CBCF16C}") = "docker-compose", "docker-compose.dcproj", "{F3DA3938-2877-4232-AB0D-F5801909F74D}"
EndProject
Project("{2150E333-8FDC-42A3-9474-1A3956D46DE8}") = "Basket", "Basket", "{00E65D31-BE9C-4DAB-92E0-51F69ABE8234}"
EndProject
Project("{9A19103F-16F7-4668-BE54-9A1E7A4F7556}") = "Basket.API", "Services\Basket\Basket.API\Basket.API.csproj", "{3A206FBE-16ED-4691-8C9E-FF302831DF98}"
EndProject
Project("{2150E333-8FDC-42A3-9474-1A3956D46DE8}") = "Discount", "Discount", "{189AC394-CC59-4659-98B0-5484FDE9EF11}"
EndProject
Project("{9A19103F-16F7-4668-BE54-9A1E7A4F7556}") = "Discounts.API", "Services\Discount\Discounts.API\Discounts.API.csproj", "{927BC80D-E653-4EFD-B330-40C2D4E4FB13}"
EndProject
Project("{FAE04EC0-301F-11D3-BF4B-00C04F79EFBC}") = "Discounts.GRPC", "Services\Discount\Discounts.GRPC\Discounts.GRPC.csproj", "{19A9DA03-132D-4A6F-9880-A328567F6F47}"
EndProject
Global
	GlobalSection(SolutionConfigurationPlatforms) = preSolution
		Debug|Any CPU = Debug|Any CPU
		Release|Any CPU = Release|Any CPU
	EndGlobalSection
	GlobalSection(ProjectConfigurationPlatforms) = postSolution
		{5B191A42-C78B-44C7-B5E0-963FD583587E}.Debug|Any CPU.ActiveCfg = Debug|Any CPU
		{5B191A42-C78B-44C7-B5E0-963FD583587E}.Debug|Any CPU.Build.0 = Debug|Any CPU
		{5B191A42-C78B-44C7-B5E0-963FD583587E}.Release|Any CPU.ActiveCfg = Release|Any CPU
		{5B191A42-C78B-44C7-B5E0-963FD583587E}.Release|Any CPU.Build.0 = Release|Any CPU
		{F3DA3938-2877-4232-AB0D-F5801909F74D}.Debug|Any CPU.ActiveCfg = Debug|Any CPU
		{F3DA3938-2877-4232-AB0D-F5801909F74D}.Debug|Any CPU.Build.0 = Debug|Any CPU
		{F3DA3938-2877-4232-AB0D-F5801909F74D}.Release|Any CPU.ActiveCfg = Release|Any CPU
		{F3DA3938-2877-4232-AB0D-F5801909F74D}.Release|Any CPU.Build.0 = Release|Any CPU
		{3A206FBE-16ED-4691-8C9E-FF302831DF98}.Debug|Any CPU.ActiveCfg = Debug|Any CPU
		{3A206FBE-16ED-4691-8C9E-FF302831DF98}.Debug|Any CPU.Build.0 = Debug|Any CPU
		{3A206FBE-16ED-4691-8C9E-FF302831DF98}.Release|Any CPU.ActiveCfg = Release|Any CPU
		{3A206FBE-16ED-4691-8C9E-FF302831DF98}.Release|Any CPU.Build.0 = Release|Any CPU
		{927BC80D-E653-4EFD-B330-40C2D4E4FB13}.Debug|Any CPU.ActiveCfg = Debug|Any CPU
		{927BC80D-E653-4EFD-B330-40C2D4E4FB13}.Debug|Any CPU.Build.0 = Debug|Any CPU
		{927BC80D-E653-4EFD-B330-40C2D4E4FB13}.Release|Any CPU.ActiveCfg = Release|Any CPU
		{927BC80D-E653-4EFD-B330-40C2D4E4FB13}.Release|Any CPU.Build.0 = Release|Any CPU
		{19A9DA03-132D-4A6F-9880-A328567F6F47}.Debug|Any CPU.ActiveCfg = Debug|Any CPU
		{19A9DA03-132D-4A6F-9880-A328567F6F47}.Debug|Any CPU.Build.0 = Debug|Any CPU
		{19A9DA03-132D-4A6F-9880-A328567F6F47}.Release|Any CPU.ActiveCfg = Release|Any CPU
		{19A9DA03-132D-4A6F-9880-A328567F6F47}.Release|Any CPU.Build.0 = Release|Any CPU
	EndGlobalSection
	GlobalSection(SolutionProperties) = preSolution
		HideSolutionNode = FALSE
	EndGlobalSection
	GlobalSection(NestedProjects) = preSolution
		{F8A75EB2-B2D1-4EB6-88C9-989FE1148A37} = {C76326F5-3193-429F-8616-6DADB06A2C4D}
		{5B191A42-C78B-44C7-B5E0-963FD583587E} = {F8A75EB2-B2D1-4EB6-88C9-989FE1148A37}
		{00E65D31-BE9C-4DAB-92E0-51F69ABE8234} = {C76326F5-3193-429F-8616-6DADB06A2C4D}
		{3A206FBE-16ED-4691-8C9E-FF302831DF98} = {00E65D31-BE9C-4DAB-92E0-51F69ABE8234}
		{189AC394-CC59-4659-98B0-5484FDE9EF11} = {C76326F5-3193-429F-8616-6DADB06A2C4D}
		{927BC80D-E653-4EFD-B330-40C2D4E4FB13} = {189AC394-CC59-4659-98B0-5484FDE9EF11}
		{19A9DA03-132D-4A6F-9880-A328567F6F47} = {189AC394-CC59-4659-98B0-5484FDE9EF11}
	EndGlobalSection
	GlobalSection(ExtensibilityGlobals) = postSolution
		SolutionGuid = {EC002F0F-C07C-4F43-BA0C-70C08B20C501}
	EndGlobalSection
EndGlobal
